
Microsoft Visual Studio Solution File, Format Version 12.00
# Visual Studio 15
Project("{FAE04EC0-301F-11D3-BF4B-00C04F79EFBC}") = "WebApplicationPexeso", "WebApplicationPexeso.csproj", "{CE10E142-A7E9-4CCD-815E-1DED2C213C98}"
EndProject
Global
	GlobalSection(SolutionConfigurationPlatforms) = preSolution
		Debug|Any CPU = Debug|Any CPU
		Release|Any CPU = Release|Any CPU
	EndGlobalSection
	GlobalSection(ProjectConfigurationPlatforms) = postSolution
		{CE10E142-A7E9-4CCD-815E-1DED2C213C98}.Debug|Any CPU.ActiveCfg = Debug|Any CPU
		{CE10E142-A7E9-4CCD-815E-1DED2C213C98}.Debug|Any CPU.Build.0 = Debug|Any CPU
		{CE10E142-A7E9-4CCD-815E-1DED2C213C98}.Release|Any CPU.ActiveCfg = Release|Any CPU
		{CE10E142-A7E9-4CCD-815E-1DED2C213C98}.Release|Any CPU.Build.0 = Release|Any CPU
	EndGlobalSection
EndGlobal
